
Microsoft Visual Studio Solution File, Format Version 12.00
# Visual Studio Version 17
VisualStudioVersion = 17.5.33516.290
MinimumVisualStudioVersion = 10.0.40219.1
Project("{FAE04EC0-301F-11D3-BF4B-00C04F79EFBC}") = "PromactMessagingApp.Web", "Promact Messaging Application\PromactMessagingApp.Web.csproj", "{DB8D4B9B-546F-4215-B1E0-D52784A81443}"
EndProject
Project("{2150E333-8FDC-42A3-9474-1A3956D46DE8}") = "Src", "Src", "{1C29F89C-AF6B-4293-AC8D-E3E0C2CA183D}"
EndProject
Project("{FAE04EC0-301F-11D3-BF4B-00C04F79EFBC}") = "PromactMessagingApp.Repository", "PromactMessagingApp.Repository\PromactMessagingApp.Repository.csproj", "{98C76D2B-7909-49E8-BB3D-227503B78826}"
EndProject
Project("{FAE04EC0-301F-11D3-BF4B-00C04F79EFBC}") = "PromactMessagingApp.DomainModel", "PromactMessagingApp.DomainModel\PromactMessagingApp.DomainModel.csproj", "{7BC5479D-D6D0-4401-B1CE-AE565913D299}"
EndProject
Project("{FAE04EC0-301F-11D3-BF4B-00C04F79EFBC}") = "PromactMessagingApp.Core", "PromactMessagingApp.Core\PromactMessagingApp.Core.csproj", "{A01B1EF9-36F1-47C4-949F-3F02B2099310}"
EndProject
Global
	GlobalSection(SolutionConfigurationPlatforms) = preSolution
		Debug|Any CPU = Debug|Any CPU
		Release|Any CPU = Release|Any CPU
	EndGlobalSection
	GlobalSection(ProjectConfigurationPlatforms) = postSolution
		{DB8D4B9B-546F-4215-B1E0-D52784A81443}.Debug|Any CPU.ActiveCfg = Debug|Any CPU
		{DB8D4B9B-546F-4215-B1E0-D52784A81443}.Debug|Any CPU.Build.0 = Debug|Any CPU
		{DB8D4B9B-546F-4215-B1E0-D52784A81443}.Release|Any CPU.ActiveCfg = Release|Any CPU
		{DB8D4B9B-546F-4215-B1E0-D52784A81443}.Release|Any CPU.Build.0 = Release|Any CPU
		{98C76D2B-7909-49E8-BB3D-227503B78826}.Debug|Any CPU.ActiveCfg = Debug|Any CPU
		{98C76D2B-7909-49E8-BB3D-227503B78826}.Debug|Any CPU.Build.0 = Debug|Any CPU
		{98C76D2B-7909-49E8-BB3D-227503B78826}.Release|Any CPU.ActiveCfg = Release|Any CPU
		{98C76D2B-7909-49E8-BB3D-227503B78826}.Release|Any CPU.Build.0 = Release|Any CPU
		{7BC5479D-D6D0-4401-B1CE-AE565913D299}.Debug|Any CPU.ActiveCfg = Debug|Any CPU
		{7BC5479D-D6D0-4401-B1CE-AE565913D299}.Debug|Any CPU.Build.0 = Debug|Any CPU
		{7BC5479D-D6D0-4401-B1CE-AE565913D299}.Release|Any CPU.ActiveCfg = Release|Any CPU
		{7BC5479D-D6D0-4401-B1CE-AE565913D299}.Release|Any CPU.Build.0 = Release|Any CPU
		{A01B1EF9-36F1-47C4-949F-3F02B2099310}.Debug|Any CPU.ActiveCfg = Debug|Any CPU
		{A01B1EF9-36F1-47C4-949F-3F02B2099310}.Debug|Any CPU.Build.0 = Debug|Any CPU
		{A01B1EF9-36F1-47C4-949F-3F02B2099310}.Release|Any CPU.ActiveCfg = Release|Any CPU
		{A01B1EF9-36F1-47C4-949F-3F02B2099310}.Release|Any CPU.Build.0 = Release|Any CPU
	EndGlobalSection
	GlobalSection(SolutionProperties) = preSolution
		HideSolutionNode = FALSE
	EndGlobalSection
	GlobalSection(NestedProjects) = preSolution
		{DB8D4B9B-546F-4215-B1E0-D52784A81443} = {1C29F89C-AF6B-4293-AC8D-E3E0C2CA183D}
		{98C76D2B-7909-49E8-BB3D-227503B78826} = {1C29F89C-AF6B-4293-AC8D-E3E0C2CA183D}
		{7BC5479D-D6D0-4401-B1CE-AE565913D299} = {1C29F89C-AF6B-4293-AC8D-E3E0C2CA183D}
		{A01B1EF9-36F1-47C4-949F-3F02B2099310} = {1C29F89C-AF6B-4293-AC8D-E3E0C2CA183D}
	EndGlobalSection
	GlobalSection(ExtensibilityGlobals) = postSolution
		SolutionGuid = {222BCF48-88F3-492F-A2F5-68A1076D1365}
	EndGlobalSection
EndGlobal
